
Microsoft Visual Studio Solution File, Format Version 12.00
# Visual Studio Version 16
VisualStudioVersion = 16.0.36227.6
MinimumVisualStudioVersion = 10.0.40219.1
Project("{00D1A9C2-B5F0-4AF3-8072-F6C62B433612}") = "Database", "Database\Database.sqlproj", "{7DA61831-5B87-49D1-8A29-B5A777364FA6}"
EndProject
Global
	GlobalSection(SolutionConfigurationPlatforms) = preSolution
		Debug|Any CPU = Debug|Any CPU
		Release|Any CPU = Release|Any CPU
	EndGlobalSection
	GlobalSection(ProjectConfigurationPlatforms) = postSolution
		{7DA61831-5B87-49D1-8A29-B5A777364FA6}.Debug|Any CPU.ActiveCfg = Debug|Any CPU
		{7DA61831-5B87-49D1-8A29-B5A777364FA6}.Debug|Any CPU.Build.0 = Debug|Any CPU
		{7DA61831-5B87-49D1-8A29-B5A777364FA6}.Debug|Any CPU.Deploy.0 = Debug|Any CPU
		{7DA61831-5B87-49D1-8A29-B5A777364FA6}.Release|Any CPU.ActiveCfg = Release|Any CPU
		{7DA61831-5B87-49D1-8A29-B5A777364FA6}.Release|Any CPU.Build.0 = Release|Any CPU
		{7DA61831-5B87-49D1-8A29-B5A777364FA6}.Release|Any CPU.Deploy.0 = Release|Any CPU
	EndGlobalSection
	GlobalSection(SolutionProperties) = preSolution
		HideSolutionNode = FALSE
	EndGlobalSection
	GlobalSection(ExtensibilityGlobals) = postSolution
		SolutionGuid = {D85663F5-3274-4CE5-9209-DE5B44147A58}
	EndGlobalSection
EndGlobal
